
Microsoft Visual Studio Solution File, Format Version 12.00
# Visual Studio Version 17
VisualStudioVersion = 17.14.36518.9 d17.14
MinimumVisualStudioVersion = 10.0.40219.1
Project("{FAE04EC0-301F-11D3-BF4B-00C04F79EFBC}") = "esA", "esA\esA.csproj", "{F431DD12-75A8-4D7C-93F7-B0B8AA46458B}"
EndProject
Global
	GlobalSection(SolutionConfigurationPlatforms) = preSolution
		Debug|Any CPU = Debug|Any CPU
		Release|Any CPU = Release|Any CPU
	EndGlobalSection
	GlobalSection(ProjectConfigurationPlatforms) = postSolution
		{F431DD12-75A8-4D7C-93F7-B0B8AA46458B}.Debug|Any CPU.ActiveCfg = Debug|Any CPU
		{F431DD12-75A8-4D7C-93F7-B0B8AA46458B}.Debug|Any CPU.Build.0 = Debug|Any CPU
		{F431DD12-75A8-4D7C-93F7-B0B8AA46458B}.Release|Any CPU.ActiveCfg = Release|Any CPU
		{F431DD12-75A8-4D7C-93F7-B0B8AA46458B}.Release|Any CPU.Build.0 = Release|Any CPU
	EndGlobalSection
	GlobalSection(SolutionProperties) = preSolution
		HideSolutionNode = FALSE
	EndGlobalSection
	GlobalSection(ExtensibilityGlobals) = postSolution
		SolutionGuid = {094428BA-059B-4D24-A8FD-7E7226B53F51}
	EndGlobalSection
EndGlobal
